
Microsoft Visual Studio Solution File, Format Version 12.00
# Visual Studio Version 17
VisualStudioVersion = 17.2.32616.157
MinimumVisualStudioVersion = 10.0.40219.1
Project("{9A19103F-16F7-4668-BE54-9A1E7A4F7556}") = "ChatRoom", "src\ChatRoom\ChatRoom.csproj", "{47FFD15C-9F3E-4247-9955-0E718196985A}"
EndProject
Project("{2150E333-8FDC-42A3-9474-1A3956D46DE8}") = "cdk", "cdk", "{EBB8DA86-3E9C-4445-96D7-186F9E11B628}"
EndProject
Project("{9A19103F-16F7-4668-BE54-9A1E7A4F7556}") = "FargateCdkStack", "cdk\FargateCdkStack.csproj", "{1448BA5B-3BCB-4F35-867F-5EF05A2D7969}"
EndProject
Global
	GlobalSection(SolutionConfigurationPlatforms) = preSolution
		Debug|Any CPU = Debug|Any CPU
		Release|Any CPU = Release|Any CPU
	EndGlobalSection
	GlobalSection(ProjectConfigurationPlatforms) = postSolution
		{47FFD15C-9F3E-4247-9955-0E718196985A}.Debug|Any CPU.ActiveCfg = Debug|Any CPU
		{47FFD15C-9F3E-4247-9955-0E718196985A}.Debug|Any CPU.Build.0 = Debug|Any CPU
		{47FFD15C-9F3E-4247-9955-0E718196985A}.Release|Any CPU.ActiveCfg = Release|Any CPU
		{47FFD15C-9F3E-4247-9955-0E718196985A}.Release|Any CPU.Build.0 = Release|Any CPU
		{1448BA5B-3BCB-4F35-867F-5EF05A2D7969}.Debug|Any CPU.ActiveCfg = Debug|Any CPU
		{1448BA5B-3BCB-4F35-867F-5EF05A2D7969}.Debug|Any CPU.Build.0 = Debug|Any CPU
		{1448BA5B-3BCB-4F35-867F-5EF05A2D7969}.Release|Any CPU.ActiveCfg = Release|Any CPU
		{1448BA5B-3BCB-4F35-867F-5EF05A2D7969}.Release|Any CPU.Build.0 = Release|Any CPU
	EndGlobalSection
	GlobalSection(SolutionProperties) = preSolution
		HideSolutionNode = FALSE
	EndGlobalSection
	GlobalSection(NestedProjects) = preSolution
		{1448BA5B-3BCB-4F35-867F-5EF05A2D7969} = {EBB8DA86-3E9C-4445-96D7-186F9E11B628}
	EndGlobalSection
	GlobalSection(ExtensibilityGlobals) = postSolution
		SolutionGuid = {059D29BA-CDE5-464C-A84C-5F670F78AF9E}
	EndGlobalSection
EndGlobal
